{
  "name": "Chrome-Extension-Development",
  "lockfileVersion": 2,
  "requires": true,
  "packages": {
    "": {
      "dependencies": {
        "chrome-types": "^0.1.250"
      }
    },
    "node_modules/chrome-types": {
      "version": "0.1.250",
      "resolved": "https://registry.npmjs.org/chrome-types/-/chrome-types-0.1.250.tgz",
      "integrity": "sha512-4lV7LZXYafAcTKAPkNYnhShsFIMzWmscXcxk7VqbTwJ/sxnWID+NhgwGO8ig8S8iq/7QEN+BC5FZXaTn5aCVyA=="
    }
  },
  "dependencies": {
    "chrome-types": {
      "version": "0.1.250",
      "resolved": "https://registry.npmjs.org/chrome-types/-/chrome-types-0.1.250.tgz",
      "integrity": "sha512-4lV7LZXYafAcTKAPkNYnhShsFIMzWmscXcxk7VqbTwJ/sxnWID+NhgwGO8ig8S8iq/7QEN+BC5FZXaTn5aCVyA=="
    }
  }
}
